
Microsoft Visual Studio Solution File, Format Version 12.00
# Visual Studio Version 17
VisualStudioVersion = 17.11.35219.272
MinimumVisualStudioVersion = 10.0.40219.1
Project("{FAE04EC0-301F-11D3-BF4B-00C04F79EFBC}") = "Test", "Test.csproj", "{1E102FA1-9618-47DA-8F43-1488EA2065BD}"
EndProject
Global
	GlobalSection(SolutionConfigurationPlatforms) = preSolution
		Debug|Any CPU = Debug|Any CPU
		Release|Any CPU = Release|Any CPU
	EndGlobalSection
	GlobalSection(ProjectConfigurationPlatforms) = postSolution
		{1E102FA1-9618-47DA-8F43-1488EA2065BD}.Debug|Any CPU.ActiveCfg = Debug|Any CPU
		{1E102FA1-9618-47DA-8F43-1488EA2065BD}.Debug|Any CPU.Build.0 = Debug|Any CPU
		{1E102FA1-9618-47DA-8F43-1488EA2065BD}.Release|Any CPU.ActiveCfg = Release|Any CPU
		{1E102FA1-9618-47DA-8F43-1488EA2065BD}.Release|Any CPU.Build.0 = Release|Any CPU
	EndGlobalSection
	GlobalSection(SolutionProperties) = preSolution
		HideSolutionNode = FALSE
	EndGlobalSection
	GlobalSection(ExtensibilityGlobals) = postSolution
		SolutionGuid = {27A8301F-F3D2-4A00-8F48-E919BFB93647}
	EndGlobalSection
EndGlobal
